
Microsoft Visual Studio Solution File, Format Version 12.00
# Visual Studio Version 16
VisualStudioVersion = 16.0.29409.12
MinimumVisualStudioVersion = 10.0.40219.1
Project("{FAE04EC0-301F-11D3-BF4B-00C04F79EFBC}") = "TestProjectController", "TestProjectController\TestProjectController.csproj", "{48B884C7-EDDC-468A-8841-45360D93C56F}"
EndProject
Global
	GlobalSection(SolutionConfigurationPlatforms) = preSolution
		Debug|Any CPU = Debug|Any CPU
		Release|Any CPU = Release|Any CPU
	EndGlobalSection
	GlobalSection(ProjectConfigurationPlatforms) = postSolution
		{48B884C7-EDDC-468A-8841-45360D93C56F}.Debug|Any CPU.ActiveCfg = Debug|Any CPU
		{48B884C7-EDDC-468A-8841-45360D93C56F}.Debug|Any CPU.Build.0 = Debug|Any CPU
		{48B884C7-EDDC-468A-8841-45360D93C56F}.Release|Any CPU.ActiveCfg = Release|Any CPU
		{48B884C7-EDDC-468A-8841-45360D93C56F}.Release|Any CPU.Build.0 = Release|Any CPU
	EndGlobalSection
	GlobalSection(SolutionProperties) = preSolution
		HideSolutionNode = FALSE
	EndGlobalSection
	GlobalSection(ExtensibilityGlobals) = postSolution
		SolutionGuid = {BC4CF9F7-C997-4809-9CA3-B418BF03A4C0}
	EndGlobalSection
EndGlobal
